// !$*UTF8*$!
{
	archiveVersion = 1;
	classes = {
	};
	objectVersion = 56;
	objects = {

/* Begin PBXBuildFile section */
		370736DE29FBC8A0009B9514 /* DateHolder.swift in Sources */ = {isa = PBXBuildFile; fileRef = 370736DD29FBC8A0009B9514 /* DateHolder.swift */; };
		370736E229FBD13A009B9514 /* TaskCell.swift in Sources */ = {isa = PBXBuildFile; fileRef = 370736E129FBD13A009B9514 /* TaskCell.swift */; };
		370736E429FBDB2F009B9514 /* CheckBoxView.swift in Sources */ = {isa = PBXBuildFile; fileRef = 370736E329FBDB2F009B9514 /* CheckBoxView.swift */; };
		370736E729FC3C32009B9514 /* TaskItemExtension.swift in Sources */ = {isa = PBXBuildFile; fileRef = 370736E629FC3C32009B9514 /* TaskItemExtension.swift */; };
		37BD9DBB29F9B672008803A3 /* TodoListAppApp.swift in Sources */ = {isa = PBXBuildFile; fileRef = 37BD9DBA29F9B672008803A3 /* TodoListAppApp.swift */; };
		37BD9DBD29F9B672008803A3 /* TaskListView.swift in Sources */ = {isa = PBXBuildFile; fileRef = 37BD9DBC29F9B672008803A3 /* TaskListView.swift */; };
		37BD9DBF29F9B674008803A3 /* Assets.xcassets in Resources */ = {isa = PBXBuildFile; fileRef = 37BD9DBE29F9B674008803A3 /* Assets.xcassets */; };
		37BD9DC229F9B674008803A3 /* Preview Assets.xcassets in Resources */ = {isa = PBXBuildFile; fileRef = 37BD9DC129F9B674008803A3 /* Preview Assets.xcassets */; };
		37BD9DC429F9B674008803A3 /* Persistence.swift in Sources */ = {isa = PBXBuildFile; fileRef = 37BD9DC329F9B674008803A3 /* Persistence.swift */; };
		37BD9DC729F9B674008803A3 /* TodoListApp.xcdatamodeld in Sources */ = {isa = PBXBuildFile; fileRef = 37BD9DC529F9B674008803A3 /* TodoListApp.xcdatamodeld */; };
		37BD9DCF29F9B8FD008803A3 /* FloatingButton.swift in Sources */ = {isa = PBXBuildFile; fileRef = 37BD9DCE29F9B8FD008803A3 /* FloatingButton.swift */; };
		37BD9DD229F9B999008803A3 /* TaskEditView.swift in Sources */ = {isa = PBXBuildFile; fileRef = 37BD9DD129F9B999008803A3 /* TaskEditView.swift */; };
/* End PBXBuildFile section */

/* Begin PBXFileReference section */
		370736DD29FBC8A0009B9514 /* DateHolder.swift */ = {isa = PBXFileReference; lastKnownFileType = sourcecode.swift; path = DateHolder.swift; sourceTree = "<group>"; };
		370736E129FBD13A009B9514 /* TaskCell.swift */ = {isa = PBXFileReference; lastKnownFileType = sourcecode.swift; path = TaskCell.swift; sourceTree = SOURCE_ROOT; };
		370736E329FBDB2F009B9514 /* CheckBoxView.swift */ = {isa = PBXFileReference; lastKnownFileType = sourcecode.swift; path = CheckBoxView.swift; sourceTree = "<group>"; };
		370736E629FC3C32009B9514 /* TaskItemExtension.swift */ = {isa = PBXFileReference; lastKnownFileType = sourcecode.swift; path = TaskItemExtension.swift; sourceTree = "<group>"; };
		370736E829FD8912009B9514 /* readme.md */ = {isa = PBXFileReference; lastKnownFileType = net.daringfireball.markdown; path = readme.md; sourceTree = "<group>"; };
		37BD9DB729F9B672008803A3 /* TodoListApp.app */ = {isa = PBXFileReference; explicitFileType = wrapper.application; includeInIndex = 0; path = TodoListApp.app; sourceTree = BUILT_PRODUCTS_DIR; };
		37BD9DBA29F9B672008803A3 /* TodoListAppApp.swift */ = {isa = PBXFileReference; lastKnownFileType = sourcecode.swift; path = TodoListAppApp.swift; sourceTree = "<group>"; };
		37BD9DBC29F9B672008803A3 /* TaskListView.swift */ = {isa = PBXFileReference; lastKnownFileType = sourcecode.swift; path = TaskListView.swift; sourceTree = "<group>"; };
		37BD9DBE29F9B674008803A3 /* Assets.xcassets */ = {isa = PBXFileReference; lastKnownFileType = folder.assetcatalog; path = Assets.xcassets; sourceTree = "<group>"; };
		37BD9DC129F9B674008803A3 /* Preview Assets.xcassets */ = {isa = PBXFileReference; lastKnownFileType = folder.assetcatalog; path = "Preview Assets.xcassets"; sourceTree = "<group>"; };
		37BD9DC329F9B674008803A3 /* Persistence.swift */ = {isa = PBXFileReference; lastKnownFileType = sourcecode.swift; path = Persistence.swift; sourceTree = "<group>"; };
		37BD9DC629F9B674008803A3 /* TodoListApp.xcdatamodel */ = {isa = PBXFileReference; lastKnownFileType = wrapper.xcdatamodel; path = TodoListApp.xcdatamodel; sourceTree = "<group>"; };
		37BD9DC829F9B674008803A3 /* Info.plist */ = {isa = PBXFileReference; lastKnownFileType = text.plist.xml; path = Info.plist; sourceTree = "<group>"; };
		37BD9DCE29F9B8FD008803A3 /* FloatingButton.swift */ = {isa = PBXFileReference; lastKnownFileType = sourcecode.swift; path = FloatingButton.swift; sourceTree = "<group>"; };
		37BD9DD129F9B999008803A3 /* TaskEditView.swift */ = {isa = PBXFileReference; lastKnownFileType = sourcecode.swift; path = TaskEditView.swift; sourceTree = "<group>"; };
/* End PBXFileReference section */

/* Begin PBXFrameworksBuildPhase section */
		37BD9DB429F9B672008803A3 /* Frameworks */ = {
			isa = PBXFrameworksBuildPhase;
			buildActionMask = 2147483647;
			files = (
			);
			runOnlyForDeploymentPostprocessing = 0;
		};
/* End PBXFrameworksBuildPhase section */

/* Begin PBXGroup section */
		370736E529FC3BED009B9514 /* Model */ = {
			isa = PBXGroup;
			children = (
				37BD9DC329F9B674008803A3 /* Persistence.swift */,
				370736E629FC3C32009B9514 /* TaskItemExtension.swift */,
			);
			path = Model;
			sourceTree = "<group>";
		};
		37BD9DAE29F9B672008803A3 = {
			isa = PBXGroup;
			children = (
				370736E829FD8912009B9514 /* readme.md */,
				37BD9DB929F9B672008803A3 /* TodoListApp */,
				37BD9DB829F9B672008803A3 /* Products */,
			);
			sourceTree = "<group>";
		};
		37BD9DB829F9B672008803A3 /* Products */ = {
			isa = PBXGroup;
			children = (
				37BD9DB729F9B672008803A3 /* TodoListApp.app */,
			);
			name = Products;
			sourceTree = "<group>";
		};
		37BD9DB929F9B672008803A3 /* TodoListApp */ = {
			isa = PBXGroup;
			children = (
				37BD9DBA29F9B672008803A3 /* TodoListAppApp.swift */,
				370736E529FC3BED009B9514 /* Model */,
				37BD9DD029F9B96D008803A3 /* Views */,
				37BD9DBE29F9B674008803A3 /* Assets.xcassets */,
				37BD9DC829F9B674008803A3 /* Info.plist */,
				37BD9DC529F9B674008803A3 /* TodoListApp.xcdatamodeld */,
				37BD9DC029F9B674008803A3 /* Preview Content */,
				370736DD29FBC8A0009B9514 /* DateHolder.swift */,
			);
			path = TodoListApp;
			sourceTree = "<group>";
		};
		37BD9DC029F9B674008803A3 /* Preview Content */ = {
			isa = PBXGroup;
			children = (
				37BD9DC129F9B674008803A3 /* Preview Assets.xcassets */,
			);
			path = "Preview Content";
			sourceTree = "<group>";
		};
		37BD9DD029F9B96D008803A3 /* Views */ = {
			isa = PBXGroup;
			children = (
				370736E129FBD13A009B9514 /* TaskCell.swift */,
				370736E329FBDB2F009B9514 /* CheckBoxView.swift */,
				37BD9DD129F9B999008803A3 /* TaskEditView.swift */,
				37BD9DBC29F9B672008803A3 /* TaskListView.swift */,
				37BD9DCE29F9B8FD008803A3 /* FloatingButton.swift */,
			);
			path = Views;
			sourceTree = "<group>";
		};
/* End PBXGroup section */

/* Begin PBXNativeTarget section */
		37BD9DB629F9B672008803A3 /* TodoListApp */ = {
			isa = PBXNativeTarget;
			buildConfigurationList = 37BD9DCB29F9B674008803A3 /* Build configuration list for PBXNativeTarget "TodoListApp" */;
			buildPhases = (
				37BD9DB329F9B672008803A3 /* Sources */,
				37BD9DB429F9B672008803A3 /* Frameworks */,
				37BD9DB529F9B672008803A3 /* Resources */,
			);
			buildRules = (
			);
			dependencies = (
			);
			name = TodoListApp;
			productName = TodoListApp;
			productReference = 37BD9DB729F9B672008803A3 /* TodoListApp.app */;
			productType = "com.apple.product-type.application";
		};
/* End PBXNativeTarget section */

/* Begin PBXProject section */
		37BD9DAF29F9B672008803A3 /* Project object */ = {
			isa = PBXProject;
			attributes = {
				BuildIndependentTargetsInParallel = 1;
				LastSwiftUpdateCheck = 1430;
				LastUpgradeCheck = 1430;
				TargetAttributes = {
					37BD9DB629F9B672008803A3 = {
						CreatedOnToolsVersion = 14.3;
					};
				};
			};
			buildConfigurationList = 37BD9DB229F9B672008803A3 /* Build configuration list for PBXProject "TodoListApp" */;
			compatibilityVersion = "Xcode 14.0";
			developmentRegion = en;
			hasScannedForEncodings = 0;
			knownRegions = (
				en,
				Base,
			);
			mainGroup = 37BD9DAE29F9B672008803A3;
			productRefGroup = 37BD9DB829F9B672008803A3 /* Products */;
			projectDirPath = "";
			projectRoot = "";
			targets = (
				37BD9DB629F9B672008803A3 /* TodoListApp */,
			);
		};
/* End PBXProject section */

/* Begin PBXResourcesBuildPhase section */
		37BD9DB529F9B672008803A3 /* Resources */ = {
			isa = PBXResourcesBuildPhase;
			buildActionMask = 2147483647;
			files = (
				37BD9DC229F9B674008803A3 /* Preview Assets.xcassets in Resources */,
				37BD9DBF29F9B674008803A3 /* Assets.xcassets in Resources */,
			);
			runOnlyForDeploymentPostprocessing = 0;
		};
/* End PBXResourcesBuildPhase section */

/* Begin PBXSourcesBuildPhase section */
		37BD9DB329F9B672008803A3 /* Sources */ = {
			isa = PBXSourcesBuildPhase;
			buildActionMask = 2147483647;
			files = (
				370736DE29FBC8A0009B9514 /* DateHolder.swift in Sources */,
				370736E729FC3C32009B9514 /* TaskItemExtension.swift in Sources */,
				37BD9DC429F9B674008803A3 /* Persistence.swift in Sources */,
				37BD9DBD29F9B672008803A3 /* TaskListView.swift in Sources */,
				37BD9DCF29F9B8FD008803A3 /* FloatingButton.swift in Sources */,
				370736E429FBDB2F009B9514 /* CheckBoxView.swift in Sources */,
				370736E229FBD13A009B9514 /* TaskCell.swift in Sources */,
				37BD9DD229F9B999008803A3 /* TaskEditView.swift in Sources */,
				37BD9DBB29F9B672008803A3 /* TodoListAppApp.swift in Sources */,
				37BD9DC729F9B674008803A3 /* TodoListApp.xcdatamodeld in Sources */,
			);
			runOnlyForDeploymentPostprocessing = 0;
		};
/* End PBXSourcesBuildPhase section */

/* Begin XCBuildConfiguration section */
		37BD9DC929F9B674008803A3 /* Debug */ = {
			isa = XCBuildConfiguration;
			buildSettings = {
				ALWAYS_SEARCH_USER_PATHS = NO;
				CLANG_ANALYZER_NONNULL = YES;
				CLANG_ANALYZER_NUMBER_OBJECT_CONVERSION = YES_AGGRESSIVE;
				CLANG_CXX_LANGUAGE_STANDARD = "gnu++20";
				CLANG_ENABLE_MODULES = YES;
				CLANG_ENABLE_OBJC_ARC = YES;
				CLANG_ENABLE_OBJC_WEAK = YES;
				CLANG_WARN_BLOCK_CAPTURE_AUTORELEASING = YES;
				CLANG_WARN_BOOL_CONVERSION = YES;
				CLANG_WARN_COMMA = YES;
				CLANG_WARN_CONSTANT_CONVERSION = YES;
				CLANG_WARN_DEPRECATED_OBJC_IMPLEMENTATIONS = YES;
				CLANG_WARN_DIRECT_OBJC_ISA_USAGE = YES_ERROR;
				CLANG_WARN_DOCUMENTATION_COMMENTS = YES;
				CLANG_WARN_EMPTY_BODY = YES;
				CLANG_WARN_ENUM_CONVERSION = YES;
				CLANG_WARN_INFINITE_RECURSION = YES;
				CLANG_WARN_INT_CONVERSION = YES;
				CLANG_WARN_NON_LITERAL_NULL_CONVERSION = YES;
				CLANG_WARN_OBJC_IMPLICIT_RETAIN_SELF = YES;
				CLANG_WARN_OBJC_LITERAL_CONVERSION = YES;
				CLANG_WARN_OBJC_ROOT_CLASS = YES_ERROR;
				CLANG_WARN_QUOTED_INCLUDE_IN_FRAMEWORK_HEADER = YES;
				CLANG_WARN_RANGE_LOOP_ANALYSIS = YES;
				CLANG_WARN_STRICT_PROTOTYPES = YES;
				CLANG_WARN_SUSPICIOUS_MOVE = YES;
				CLANG_WARN_UNGUARDED_AVAILABILITY = YES_AGGRESSIVE;
				CLANG_WARN_UNREACHABLE_CODE = YES;
				CLANG_WARN__DUPLICATE_METHOD_MATCH = YES;
				COPY_PHASE_STRIP = NO;
				DEBUG_INFORMATION_FORMAT = dwarf;
				ENABLE_STRICT_OBJC_MSGSEND = YES;
				ENABLE_TESTABILITY = YES;
				GCC_C_LANGUAGE_STANDARD = gnu11;
				GCC_DYNAMIC_NO_PIC = NO;
				GCC_NO_COMMON_BLOCKS = YES;
				GCC_OPTIMIZATION_LEVEL = 0;
				GCC_PREPROCESSOR_DEFINITIONS = (
					"DEBUG=1",
					"$(inherited)",
				);
				GCC_WARN_64_TO_32_BIT_CONVERSION = YES;
				GCC_WARN_ABOUT_RETURN_TYPE = YES_ERROR;
				GCC_WARN_UNDECLARED_SELECTOR = YES;
				GCC_WARN_UNINITIALIZED_AUTOS = YES_AGGRESSIVE;
				GCC_WARN_UNUSED_FUNCTION = YES;
				GCC_WARN_UNUSED_VARIABLE = YES;
				IPHONEOS_DEPLOYMENT_TARGET = 16.4;
				MTL_ENABLE_DEBUG_INFO = INCLUDE_SOURCE;
				MTL_FAST_MATH = YES;
				ONLY_ACTIVE_ARCH = YES;
				SDKROOT = iphoneos;
				SWIFT_ACTIVE_COMPILATION_CONDITIONS = DEBUG;
				SWIFT_OPTIMIZATION_LEVEL = "-Onone";
			};
			name = Debug;
		};
		37BD9DCA29F9B674008803A3 /* Release */ = {
			isa = XCBuildConfiguration;
			buildSettings = {
				ALWAYS_SEARCH_USER_PATHS = NO;
				CLANG_ANALYZER_NONNULL = YES;
				CLANG_ANALYZER_NUMBER_OBJECT_CONVERSION = YES_AGGRESSIVE;
				CLANG_CXX_LANGUAGE_STANDARD = "gnu++20";
				CLANG_ENABLE_MODULES = YES;
				CLANG_ENABLE_OBJC_ARC = YES;
				CLANG_ENABLE_OBJC_WEAK = YES;
				CLANG_WARN_BLOCK_CAPTURE_AUTORELEASING = YES;
				CLANG_WARN_BOOL_CONVERSION = YES;
				CLANG_WARN_COMMA = YES;
				CLANG_WARN_CONSTANT_CONVERSION = YES;
				CLANG_WARN_DEPRECATED_OBJC_IMPLEMENTATIONS = YES;
				CLANG_WARN_DIRECT_OBJC_ISA_USAGE = YES_ERROR;
				CLANG_WARN_DOCUMENTATION_COMMENTS = YES;
				CLANG_WARN_EMPTY_BODY = YES;
				CLANG_WARN_ENUM_CONVERSION = YES;
				CLANG_WARN_INFINITE_RECURSION = YES;
				CLANG_WARN_INT_CONVERSION = YES;
				CLANG_WARN_NON_LITERAL_NULL_CONVERSION = YES;
				CLANG_WARN_OBJC_IMPLICIT_RETAIN_SELF = YES;
				CLANG_WARN_OBJC_LITERAL_CONVERSION = YES;
				CLANG_WARN_OBJC_ROOT_CLASS = YES_ERROR;
				CLANG_WARN_QUOTED_INCLUDE_IN_FRAMEWORK_HEADER = YES;
				CLANG_WARN_RANGE_LOOP_ANALYSIS = YES;
				CLANG_WARN_STRICT_PROTOTYPES = YES;
				CLANG_WARN_SUSPICIOUS_MOVE = YES;
				CLANG_WARN_UNGUARDED_AVAILABILITY = YES_AGGRESSIVE;
				CLANG_WARN_UNREACHABLE_CODE = YES;
				CLANG_WARN__DUPLICATE_METHOD_MATCH = YES;
				COPY_PHASE_STRIP = NO;
				DEBUG_INFORMATION_FORMAT = "dwarf-with-dsym";
				ENABLE_NS_ASSERTIONS = NO;
				ENABLE_STRICT_OBJC_MSGSEND = YES;
				GCC_C_LANGUAGE_STANDARD = gnu11;
				GCC_NO_COMMON_BLOCKS = YES;
				GCC_WARN_64_TO_32_BIT_CONVERSION = YES;
				GCC_WARN_ABOUT_RETURN_TYPE = YES_ERROR;
				GCC_WARN_UNDECLARED_SELECTOR = YES;
				GCC_WARN_UNINITIALIZED_AUTOS = YES_AGGRESSIVE;
				GCC_WARN_UNUSED_FUNCTION = YES;
				GCC_WARN_UNUSED_VARIABLE = YES;
				IPHONEOS_DEPLOYMENT_TARGET = 16.4;
				MTL_ENABLE_DEBUG_INFO = NO;
				MTL_FAST_MATH = YES;
				SDKROOT = iphoneos;
				SWIFT_COMPILATION_MODE = wholemodule;
				SWIFT_OPTIMIZATION_LEVEL = "-O";
				VALIDATE_PRODUCT = YES;
			};
			name = Release;
		};
		37BD9DCC29F9B674008803A3 /* Debug */ = {
			isa = XCBuildConfiguration;
			buildSettings = {
				ASSETCATALOG_COMPILER_APPICON_NAME = AppIcon;
				ASSETCATALOG_COMPILER_GLOBAL_ACCENT_COLOR_NAME = AccentColor;
				CODE_SIGN_STYLE = Automatic;
				CURRENT_PROJECT_VERSION = 1;
				DEVELOPMENT_ASSET_PATHS = "\"TodoListApp/Preview Content\"";
				DEVELOPMENT_TEAM = J6KZ5SHCBK;
				ENABLE_PREVIEWS = YES;
				GENERATE_INFOPLIST_FILE = YES;
				INFOPLIST_KEY_UIApplicationSceneManifest_Generation = YES;
				INFOPLIST_KEY_UIApplicationSupportsIndirectInputEvents = YES;
				INFOPLIST_KEY_UILaunchScreen_Generation = YES;
				INFOPLIST_KEY_UISupportedInterfaceOrientations_iPad = "UIInterfaceOrientationPortrait UIInterfaceOrientationPortraitUpsideDown UIInterfaceOrientationLandscapeLeft UIInterfaceOrientationLandscapeRight";
				INFOPLIST_KEY_UISupportedInterfaceOrientations_iPhone = "UIInterfaceOrientationPortrait UIInterfaceOrientationLandscapeLeft UIInterfaceOrientationLandscapeRight";
				LD_RUNPATH_SEARCH_PATHS = (
					"$(inherited)",
					"@executable_path/Frameworks",
				);
				MARKETING_VERSION = 1.0;
				PRODUCT_BUNDLE_IDENTIFIER = hallelujah.TodoListApp;
				PRODUCT_NAME = "$(TARGET_NAME)";
				SWIFT_EMIT_LOC_STRINGS = YES;
				SWIFT_VERSION = 5.0;
				TARGETED_DEVICE_FAMILY = "1,2";
			};
			name = Debug;
		};
		37BD9DCD29F9B674008803A3 /* Release */ = {
			isa = XCBuildConfiguration;
			buildSettings = {
				ASSETCATALOG_COMPILER_APPICON_NAME = AppIcon;
				ASSETCATALOG_COMPILER_GLOBAL_ACCENT_COLOR_NAME = AccentColor;
				CODE_SIGN_STYLE = Automatic;
				CURRENT_PROJECT_VERSION = 1;
				DEVELOPMENT_ASSET_PATHS = "\"TodoListApp/Preview Content\"";
				DEVELOPMENT_TEAM = J6KZ5SHCBK;
				ENABLE_PREVIEWS = YES;
				GENERATE_INFOPLIST_FILE = YES;
				INFOPLIST_KEY_UIApplicationSceneManifest_Generation = YES;
				INFOPLIST_KEY_UIApplicationSupportsIndirectInputEvents = YES;
				INFOPLIST_KEY_UILaunchScreen_Generation = YES;
				INFOPLIST_KEY_UISupportedInterfaceOrientations_iPad = "UIInterfaceOrientationPortrait UIInterfaceOrientationPortraitUpsideDown UIInterfaceOrientationLandscapeLeft UIInterfaceOrientationLandscapeRight";
				INFOPLIST_KEY_UISupportedInterfaceOrientations_iPhone = "UIInterfaceOrientationPortrait UIInterfaceOrientationLandscapeLeft UIInterfaceOrientationLandscapeRight";
				LD_RUNPATH_SEARCH_PATHS = (
					"$(inherited)",
					"@executable_path/Frameworks",
				);
				MARKETING_VERSION = 1.0;
				PRODUCT_BUNDLE_IDENTIFIER = hallelujah.TodoListApp;
				PRODUCT_NAME = "$(TARGET_NAME)";
				SWIFT_EMIT_LOC_STRINGS = YES;
				SWIFT_VERSION = 5.0;
				TARGETED_DEVICE_FAMILY = "1,2";
			};
			name = Release;
		};
/* End XCBuildConfiguration section */

/* Begin XCConfigurationList section */
		37BD9DB229F9B672008803A3 /* Build configuration list for PBXProject "TodoListApp" */ = {
			isa = XCConfigurationList;
			buildConfigurations = (
				37BD9DC929F9B674008803A3 /* Debug */,
				37BD9DCA29F9B674008803A3 /* Release */,
			);
			defaultConfigurationIsVisible = 0;
			defaultConfigurationName = Release;
		};
		37BD9DCB29F9B674008803A3 /* Build configuration list for PBXNativeTarget "TodoListApp" */ = {
			isa = XCConfigurationList;
			buildConfigurations = (
				37BD9DCC29F9B674008803A3 /* Debug */,
				37BD9DCD29F9B674008803A3 /* Release */,
			);
			defaultConfigurationIsVisible = 0;
			defaultConfigurationName = Release;
		};
/* End XCConfigurationList section */

/* Begin XCVersionGroup section */
		37BD9DC529F9B674008803A3 /* TodoListApp.xcdatamodeld */ = {
			isa = XCVersionGroup;
			children = (
				37BD9DC629F9B674008803A3 /* TodoListApp.xcdatamodel */,
			);
			currentVersion = 37BD9DC629F9B674008803A3 /* TodoListApp.xcdatamodel */;
			path = TodoListApp.xcdatamodeld;
			sourceTree = "<group>";
			versionGroupType = wrapper.xcdatamodel;
		};
/* End XCVersionGroup section */
	};
	rootObject = 37BD9DAF29F9B672008803A3 /* Project object */;
}
